
Microsoft Visual Studio Solution File, Format Version 12.00
# Visual Studio Version 16
VisualStudioVersion = 16.0.29503.13
MinimumVisualStudioVersion = 10.0.40219.1
Project("{9A19103F-16F7-4668-BE54-9A1E7A4F7556}") = "Intermedium", "source\Intermedium\Intermedium.csproj", "{64E48BF0-F65D-469E-8AF9-F9EFB3F92E6B}"
EndProject
Project("{9A19103F-16F7-4668-BE54-9A1E7A4F7556}") = "Intermedium.Tests", "tests\Intermedium.Tests\Intermedium.Tests.csproj", "{CBEDDF35-CBE3-4547-933C-F53C5D78CD94}"
EndProject
Project("{2150E333-8FDC-42A3-9474-1A3956D46DE8}") = ".git", ".git", "{D6C2CCA5-0395-4338-9045-631744DCA7DF}"
	ProjectSection(SolutionItems) = preProject
		.editorconfig = .editorconfig
		.gitattributes = .gitattributes
		.gitignore = .gitignore
		CODE_OF_CONDUCT.md = CODE_OF_CONDUCT.md
		Intermedium.ruleset = Intermedium.ruleset
		LICENSE.txt = LICENSE.txt
		README.md = README.md
	EndProjectSection
EndProject
Project("{2150E333-8FDC-42A3-9474-1A3956D46DE8}") = ".build", ".build", "{70CC34B8-A1DD-4BDC-B717-AF0BBFA529E3}"
	ProjectSection(SolutionItems) = preProject
		build\build.cmd = build\build.cmd
		build\build.ps1 = build\build.ps1
		build\logo_128x128.png = build\logo_128x128.png
		build\nuget.config = build\nuget.config
	EndProjectSection
EndProject
Project("{9A19103F-16F7-4668-BE54-9A1E7A4F7556}") = "Intermedium.Extensions.Microsoft.DependencyInjection", "source\Intermedium.Extensions.Microsoft.DependencyInjection\Intermedium.Extensions.Microsoft.DependencyInjection.csproj", "{B3BB43AB-745B-42B3-BBF4-91F5AF5B41FB}"
EndProject
Project("{2150E333-8FDC-42A3-9474-1A3956D46DE8}") = "Tests", "Tests", "{6EC3C8AD-4A57-49C1-991C-4AAE46C0E4F5}"
EndProject
Project("{9A19103F-16F7-4668-BE54-9A1E7A4F7556}") = "Intermedium.Extensions.Microsoft.DependencyInjection.Tests", "tests\Intermedium.Extensions.Microsoft.DependencyInjection.Tests\Intermedium.Extensions.Microsoft.DependencyInjection.Tests.csproj", "{0734179C-BA31-417A-88BD-0AAA689DC01D}"
EndProject
Global
	GlobalSection(SolutionConfigurationPlatforms) = preSolution
		Debug|Any CPU = Debug|Any CPU
		Release|Any CPU = Release|Any CPU
	EndGlobalSection
	GlobalSection(ProjectConfigurationPlatforms) = postSolution
		{64E48BF0-F65D-469E-8AF9-F9EFB3F92E6B}.Debug|Any CPU.ActiveCfg = Debug|Any CPU
		{64E48BF0-F65D-469E-8AF9-F9EFB3F92E6B}.Debug|Any CPU.Build.0 = Debug|Any CPU
		{64E48BF0-F65D-469E-8AF9-F9EFB3F92E6B}.Release|Any CPU.ActiveCfg = Release|Any CPU
		{64E48BF0-F65D-469E-8AF9-F9EFB3F92E6B}.Release|Any CPU.Build.0 = Release|Any CPU
		{CBEDDF35-CBE3-4547-933C-F53C5D78CD94}.Debug|Any CPU.ActiveCfg = Debug|Any CPU
		{CBEDDF35-CBE3-4547-933C-F53C5D78CD94}.Debug|Any CPU.Build.0 = Debug|Any CPU
		{CBEDDF35-CBE3-4547-933C-F53C5D78CD94}.Release|Any CPU.ActiveCfg = Release|Any CPU
		{CBEDDF35-CBE3-4547-933C-F53C5D78CD94}.Release|Any CPU.Build.0 = Release|Any CPU
		{B3BB43AB-745B-42B3-BBF4-91F5AF5B41FB}.Debug|Any CPU.ActiveCfg = Debug|Any CPU
		{B3BB43AB-745B-42B3-BBF4-91F5AF5B41FB}.Debug|Any CPU.Build.0 = Debug|Any CPU
		{B3BB43AB-745B-42B3-BBF4-91F5AF5B41FB}.Release|Any CPU.ActiveCfg = Release|Any CPU
		{B3BB43AB-745B-42B3-BBF4-91F5AF5B41FB}.Release|Any CPU.Build.0 = Release|Any CPU
		{0734179C-BA31-417A-88BD-0AAA689DC01D}.Debug|Any CPU.ActiveCfg = Debug|Any CPU
		{0734179C-BA31-417A-88BD-0AAA689DC01D}.Debug|Any CPU.Build.0 = Debug|Any CPU
		{0734179C-BA31-417A-88BD-0AAA689DC01D}.Release|Any CPU.ActiveCfg = Release|Any CPU
		{0734179C-BA31-417A-88BD-0AAA689DC01D}.Release|Any CPU.Build.0 = Release|Any CPU
	EndGlobalSection
	GlobalSection(SolutionProperties) = preSolution
		HideSolutionNode = FALSE
	EndGlobalSection
	GlobalSection(NestedProjects) = preSolution
		{CBEDDF35-CBE3-4547-933C-F53C5D78CD94} = {6EC3C8AD-4A57-49C1-991C-4AAE46C0E4F5}
		{0734179C-BA31-417A-88BD-0AAA689DC01D} = {6EC3C8AD-4A57-49C1-991C-4AAE46C0E4F5}
	EndGlobalSection
	GlobalSection(ExtensibilityGlobals) = postSolution
		SolutionGuid = {8E60D7AF-017B-469B-AAC3-B51C19FA4509}
	EndGlobalSection
EndGlobal
